
Microsoft Visual Studio Solution File, Format Version 12.00
# Visual Studio Version 17
VisualStudioVersion = 17.8.34330.188
MinimumVisualStudioVersion = 10.0.40219.1
Project("{FAE04EC0-301F-11D3-BF4B-00C04F79EFBC}") = "BlogProject.Web", "BlogProject.Web\BlogProject.Web.csproj", "{29F498DC-434F-459D-9EA4-B5B026F85FF9}"
EndProject
Project("{FAE04EC0-301F-11D3-BF4B-00C04F79EFBC}") = "BlogProject.Core", "BlogProject.Core\BlogProject.Core.csproj", "{357C7DD3-B7CA-4EA6-A646-5D2A763DDA90}"
EndProject
Project("{FAE04EC0-301F-11D3-BF4B-00C04F79EFBC}") = "BlogProject.Entity", "BlogProject.Entity\BlogProject.Entity.csproj", "{AD8DBC24-401D-4312-A909-C0BDFC18A5E9}"
EndProject
Project("{FAE04EC0-301F-11D3-BF4B-00C04F79EFBC}") = "BlogProject.Data", "BlogProject.Data\BlogProject.Data.csproj", "{5AB81B84-9F61-411F-B13E-9FE3CA122277}"
EndProject
Project("{FAE04EC0-301F-11D3-BF4B-00C04F79EFBC}") = "BlogProject.Service", "BlogProject.Service\BlogProject.Service.csproj", "{C81659C5-BF5C-450E-A2AC-77E7BD36D529}"
EndProject
Global
	GlobalSection(SolutionConfigurationPlatforms) = preSolution
		Debug|Any CPU = Debug|Any CPU
		Release|Any CPU = Release|Any CPU
	EndGlobalSection
	GlobalSection(ProjectConfigurationPlatforms) = postSolution
		{29F498DC-434F-459D-9EA4-B5B026F85FF9}.Debug|Any CPU.ActiveCfg = Debug|Any CPU
		{29F498DC-434F-459D-9EA4-B5B026F85FF9}.Debug|Any CPU.Build.0 = Debug|Any CPU
		{29F498DC-434F-459D-9EA4-B5B026F85FF9}.Release|Any CPU.ActiveCfg = Release|Any CPU
		{29F498DC-434F-459D-9EA4-B5B026F85FF9}.Release|Any CPU.Build.0 = Release|Any CPU
		{357C7DD3-B7CA-4EA6-A646-5D2A763DDA90}.Debug|Any CPU.ActiveCfg = Debug|Any CPU
		{357C7DD3-B7CA-4EA6-A646-5D2A763DDA90}.Debug|Any CPU.Build.0 = Debug|Any CPU
		{357C7DD3-B7CA-4EA6-A646-5D2A763DDA90}.Release|Any CPU.ActiveCfg = Release|Any CPU
		{357C7DD3-B7CA-4EA6-A646-5D2A763DDA90}.Release|Any CPU.Build.0 = Release|Any CPU
		{AD8DBC24-401D-4312-A909-C0BDFC18A5E9}.Debug|Any CPU.ActiveCfg = Debug|Any CPU
		{AD8DBC24-401D-4312-A909-C0BDFC18A5E9}.Debug|Any CPU.Build.0 = Debug|Any CPU
		{AD8DBC24-401D-4312-A909-C0BDFC18A5E9}.Release|Any CPU.ActiveCfg = Release|Any CPU
		{AD8DBC24-401D-4312-A909-C0BDFC18A5E9}.Release|Any CPU.Build.0 = Release|Any CPU
		{5AB81B84-9F61-411F-B13E-9FE3CA122277}.Debug|Any CPU.ActiveCfg = Debug|Any CPU
		{5AB81B84-9F61-411F-B13E-9FE3CA122277}.Debug|Any CPU.Build.0 = Debug|Any CPU
		{5AB81B84-9F61-411F-B13E-9FE3CA122277}.Release|Any CPU.ActiveCfg = Release|Any CPU
		{5AB81B84-9F61-411F-B13E-9FE3CA122277}.Release|Any CPU.Build.0 = Release|Any CPU
		{C81659C5-BF5C-450E-A2AC-77E7BD36D529}.Debug|Any CPU.ActiveCfg = Debug|Any CPU
		{C81659C5-BF5C-450E-A2AC-77E7BD36D529}.Debug|Any CPU.Build.0 = Debug|Any CPU
		{C81659C5-BF5C-450E-A2AC-77E7BD36D529}.Release|Any CPU.ActiveCfg = Release|Any CPU
		{C81659C5-BF5C-450E-A2AC-77E7BD36D529}.Release|Any CPU.Build.0 = Release|Any CPU
	EndGlobalSection
	GlobalSection(SolutionProperties) = preSolution
		HideSolutionNode = FALSE
	EndGlobalSection
	GlobalSection(ExtensibilityGlobals) = postSolution
		SolutionGuid = {A051C103-9708-4E17-8380-36A2C0CFCEA4}
	EndGlobalSection
EndGlobal
